
Microsoft Visual Studio Solution File, Format Version 12.00
# Visual Studio Version 17
VisualStudioVersion = 17.3.32901.215
MinimumVisualStudioVersion = 10.0.40219.1
Project("{FAE04EC0-301F-11D3-BF4B-00C04F79EFBC}") = "TCPClient", "TCPClient\TCPClient.csproj", "{57E8A74C-4AAB-48BC-91F6-06F746C212FB}"
EndProject
Project("{FAE04EC0-301F-11D3-BF4B-00C04F79EFBC}") = "TCPServer", "TCPServer\TCPServer.csproj", "{69A78C6D-32C4-4E67-B39E-F0D1491561E7}"
EndProject
Global
	GlobalSection(SolutionConfigurationPlatforms) = preSolution
		Debug|Any CPU = Debug|Any CPU
		Release|Any CPU = Release|Any CPU
	EndGlobalSection
	GlobalSection(ProjectConfigurationPlatforms) = postSolution
		{57E8A74C-4AAB-48BC-91F6-06F746C212FB}.Debug|Any CPU.ActiveCfg = Debug|Any CPU
		{57E8A74C-4AAB-48BC-91F6-06F746C212FB}.Debug|Any CPU.Build.0 = Debug|Any CPU
		{57E8A74C-4AAB-48BC-91F6-06F746C212FB}.Release|Any CPU.ActiveCfg = Release|Any CPU
		{57E8A74C-4AAB-48BC-91F6-06F746C212FB}.Release|Any CPU.Build.0 = Release|Any CPU
		{69A78C6D-32C4-4E67-B39E-F0D1491561E7}.Debug|Any CPU.ActiveCfg = Debug|Any CPU
		{69A78C6D-32C4-4E67-B39E-F0D1491561E7}.Debug|Any CPU.Build.0 = Debug|Any CPU
		{69A78C6D-32C4-4E67-B39E-F0D1491561E7}.Release|Any CPU.ActiveCfg = Release|Any CPU
		{69A78C6D-32C4-4E67-B39E-F0D1491561E7}.Release|Any CPU.Build.0 = Release|Any CPU
	EndGlobalSection
	GlobalSection(SolutionProperties) = preSolution
		HideSolutionNode = FALSE
	EndGlobalSection
	GlobalSection(ExtensibilityGlobals) = postSolution
		SolutionGuid = {FDEA89B5-50FA-479E-940A-CF5697BC8FD1}
	EndGlobalSection
EndGlobal
